// !$*UTF8*$!
{
	archiveVersion = 1;
	classes = {
	};
	objectVersion = 56;
	objects = {

/* Begin PBXBuildFile section */
		69299FD9318F7BB922199FF8 /* Pods_WyHelperComponents.framework in Frameworks */ = {isa = PBXBuildFile; fileRef = 7F0D2FCB518A12018ED4E892 /* Pods_WyHelperComponents.framework */; };
		98262A4B2EC5CA54004AAF15 /* SectionPagingFlowLayout.m in Sources */ = {isa = PBXBuildFile; fileRef = 98262A482EC5CA54004AAF15 /* SectionPagingFlowLayout.m */; };
		98262A4C2EC5CA54004AAF15 /* SectionPagingViewController.m in Sources */ = {isa = PBXBuildFile; fileRef = 98262A4A2EC5CA54004AAF15 /* SectionPagingViewController.m */; };
		98262A4D2EC5CA54004AAF15 /* SectionPagingCollectionView.m in Sources */ = {isa = PBXBuildFile; fileRef = 98262A462EC5CA54004AAF15 /* SectionPagingCollectionView.m */; };
		982747172D991B6D00F6D2B6 /* StretchableDialogView.m in Sources */ = {isa = PBXBuildFile; fileRef = 982747162D991B6D00F6D2B6 /* StretchableDialogView.m */; };
		985EE8B32EFD41B600B23083 /* VNovelRefreshFooter.m in Sources */ = {isa = PBXBuildFile; fileRef = 985EE8B02EFD41B600B23083 /* VNovelRefreshFooter.m */; };
		985EE8B42EFD41B600B23083 /* VNovelRefreshHeader.m in Sources */ = {isa = PBXBuildFile; fileRef = 985EE8B22EFD41B600B23083 /* VNovelRefreshHeader.m */; };
		985EE8B92EFD436B00B23083 /* novel_load_light.json in Resources */ = {isa = PBXBuildFile; fileRef = 985EE8B82EFD436B00B23083 /* novel_load_light.json */; };
		985EE8BA2EFD436B00B23083 /* novel_load_dark.json in Resources */ = {isa = PBXBuildFile; fileRef = 985EE8B72EFD436B00B23083 /* novel_load_dark.json */; };
		985EE8BF2EFD446800B23083 /* UIScrollView+CustomMJRefresh.m in Sources */ = {isa = PBXBuildFile; fileRef = 985EE8BE2EFD446800B23083 /* UIScrollView+CustomMJRefresh.m */; };
		985F5DFB2D2B77380097EFCB /* Assets.xcassets in Resources */ = {isa = PBXBuildFile; fileRef = 985F5DEF2D2B77380097EFCB /* Assets.xcassets */; };
		985F5DFD2D2B77380097EFCB /* LaunchScreen.storyboard in Resources */ = {isa = PBXBuildFile; fileRef = 985F5DF22D2B77380097EFCB /* LaunchScreen.storyboard */; };
		985F5DFE2D2B77380097EFCB /* Main.storyboard in Resources */ = {isa = PBXBuildFile; fileRef = 985F5DF52D2B77380097EFCB /* Main.storyboard */; };
		985F5DFF2D2B77380097EFCB /* AppDelegate.m in Sources */ = {isa = PBXBuildFile; fileRef = 985F5DEE2D2B77380097EFCB /* AppDelegate.m */; };
		985F5E002D2B77380097EFCB /* main.m in Sources */ = {isa = PBXBuildFile; fileRef = 985F5DF32D2B77380097EFCB /* main.m */; };
		985F5E012D2B77380097EFCB /* SceneDelegate.m in Sources */ = {isa = PBXBuildFile; fileRef = 985F5DF72D2B77380097EFCB /* SceneDelegate.m */; };
		985F5E022D2B77380097EFCB /* ViewController.m in Sources */ = {isa = PBXBuildFile; fileRef = 985F5DF92D2B77380097EFCB /* ViewController.m */; };
		985F5E0F2D2BBF9A0097EFCB /* WyCompositionalLayoutController.m in Sources */ = {isa = PBXBuildFile; fileRef = 985F5E0E2D2BBF9A0097EFCB /* WyCompositionalLayoutController.m */; };
		985F5E132D2BCD500097EFCB /* WyBaseNavigationController.m in Sources */ = {isa = PBXBuildFile; fileRef = 985F5E122D2BCD500097EFCB /* WyBaseNavigationController.m */; };
		986C73702DA925550073C3C0 /* WyAccountModel.mm in Sources */ = {isa = PBXBuildFile; fileRef = 986C736F2DA925550073C3C0 /* WyAccountModel.mm */; };
		987E6D362DD5BE08001F305A /* GCDTestViewController.m in Sources */ = {isa = PBXBuildFile; fileRef = 987E6D352DD5BE08001F305A /* GCDTestViewController.m */; };
		987E6D3A2DD5BEBF001F305A /* BezierTestViewController.m in Sources */ = {isa = PBXBuildFile; fileRef = 987E6D392DD5BEBF001F305A /* BezierTestViewController.m */; };
		987E6D3E2DD5BF0C001F305A /* UILabelTestViewController.m in Sources */ = {isa = PBXBuildFile; fileRef = 987E6D3D2DD5BF0C001F305A /* UILabelTestViewController.m */; };
		988B1BB12E01ACB70043C324 /* WGradientCurveLineView.m in Sources */ = {isa = PBXBuildFile; fileRef = 988B1BB02E01ACB70043C324 /* WGradientCurveLineView.m */; };
		98A506C02E1939E80068A2E9 /* WaterfallItemModel.m in Sources */ = {isa = PBXBuildFile; fileRef = 98A506BF2E1939E80068A2E9 /* WaterfallItemModel.m */; };
		98A506C32E193A060068A2E9 /* WaterfallCell.m in Sources */ = {isa = PBXBuildFile; fileRef = 98A506C22E193A060068A2E9 /* WaterfallCell.m */; };
		98D03FD12D2E757700472D48 /* WyCollectionReusableView.m in Sources */ = {isa = PBXBuildFile; fileRef = 98D03FD02D2E757700472D48 /* WyCollectionReusableView.m */; };
		98D03FD52D2E82F600472D48 /* WyBackgroundReusableView.m in Sources */ = {isa = PBXBuildFile; fileRef = 98D03FD42D2E82F600472D48 /* WyBackgroundReusableView.m */; };
		98D03FD82D2E8A2700472D48 /* WyCollectionViewCell.m in Sources */ = {isa = PBXBuildFile; fileRef = 98D03FD72D2E8A2700472D48 /* WyCollectionViewCell.m */; };
/* End PBXBuildFile section */

/* Begin PBXFileReference section */
		054F7A98FFE2DDD8AFFD941B /* Pods-WyHelperComponents.debug.xcconfig */ = {isa = PBXFileReference; includeInIndex = 1; lastKnownFileType = text.xcconfig; name = "Pods-WyHelperComponents.debug.xcconfig"; path = "Target Support Files/Pods-WyHelperComponents/Pods-WyHelperComponents.debug.xcconfig"; sourceTree = "<group>"; };
		7F0D2FCB518A12018ED4E892 /* Pods_WyHelperComponents.framework */ = {isa = PBXFileReference; explicitFileType = wrapper.framework; includeInIndex = 0; path = Pods_WyHelperComponents.framework; sourceTree = BUILT_PRODUCTS_DIR; };
		98262A452EC5CA54004AAF15 /* SectionPagingCollectionView.h */ = {isa = PBXFileReference; lastKnownFileType = sourcecode.c.h; path = SectionPagingCollectionView.h; sourceTree = "<group>"; };
		98262A462EC5CA54004AAF15 /* SectionPagingCollectionView.m */ = {isa = PBXFileReference; lastKnownFileType = sourcecode.c.objc; path = SectionPagingCollectionView.m; sourceTree = "<group>"; };
		98262A472EC5CA54004AAF15 /* SectionPagingFlowLayout.h */ = {isa = PBXFileReference; lastKnownFileType = sourcecode.c.h; path = SectionPagingFlowLayout.h; sourceTree = "<group>"; };
		98262A482EC5CA54004AAF15 /* SectionPagingFlowLayout.m */ = {isa = PBXFileReference; lastKnownFileType = sourcecode.c.objc; path = SectionPagingFlowLayout.m; sourceTree = "<group>"; };
		98262A492EC5CA54004AAF15 /* SectionPagingViewController.h */ = {isa = PBXFileReference; lastKnownFileType = sourcecode.c.h; path = SectionPagingViewController.h; sourceTree = "<group>"; };
		98262A4A2EC5CA54004AAF15 /* SectionPagingViewController.m */ = {isa = PBXFileReference; lastKnownFileType = sourcecode.c.objc; path = SectionPagingViewController.m; sourceTree = "<group>"; };
		982747152D991B6D00F6D2B6 /* StretchableDialogView.h */ = {isa = PBXFileReference; lastKnownFileType = sourcecode.c.h; path = StretchableDialogView.h; sourceTree = "<group>"; };
		982747162D991B6D00F6D2B6 /* StretchableDialogView.m */ = {isa = PBXFileReference; lastKnownFileType = sourcecode.c.objc; path = StretchableDialogView.m; sourceTree = "<group>"; };
		98336AEC2D27E5B0002AC3DE /* WyHelperComponents.app */ = {isa = PBXFileReference; explicitFileType = wrapper.application; includeInIndex = 0; path = WyHelperComponents.app; sourceTree = BUILT_PRODUCTS_DIR; };
		985EE8AF2EFD41B600B23083 /* VNovelRefreshFooter.h */ = {isa = PBXFileReference; lastKnownFileType = sourcecode.c.h; path = VNovelRefreshFooter.h; sourceTree = "<group>"; };
		985EE8B02EFD41B600B23083 /* VNovelRefreshFooter.m */ = {isa = PBXFileReference; lastKnownFileType = sourcecode.c.objc; path = VNovelRefreshFooter.m; sourceTree = "<group>"; };
		985EE8B12EFD41B600B23083 /* VNovelRefreshHeader.h */ = {isa = PBXFileReference; lastKnownFileType = sourcecode.c.h; path = VNovelRefreshHeader.h; sourceTree = "<group>"; };
		985EE8B22EFD41B600B23083 /* VNovelRefreshHeader.m */ = {isa = PBXFileReference; lastKnownFileType = sourcecode.c.objc; path = VNovelRefreshHeader.m; sourceTree = "<group>"; };
		985EE8B52EFD422600B23083 /* CommonDefine.h */ = {isa = PBXFileReference; lastKnownFileType = sourcecode.c.h; path = CommonDefine.h; sourceTree = "<group>"; };
		985EE8B72EFD436B00B23083 /* novel_load_dark.json */ = {isa = PBXFileReference; lastKnownFileType = text.json; path = novel_load_dark.json; sourceTree = "<group>"; };
		985EE8B82EFD436B00B23083 /* novel_load_light.json */ = {isa = PBXFileReference; lastKnownFileType = text.json; path = novel_load_light.json; sourceTree = "<group>"; };
		985EE8BD2EFD446800B23083 /* UIScrollView+CustomMJRefresh.h */ = {isa = PBXFileReference; lastKnownFileType = sourcecode.c.h; path = "UIScrollView+CustomMJRefresh.h"; sourceTree = "<group>"; };
		985EE8BE2EFD446800B23083 /* UIScrollView+CustomMJRefresh.m */ = {isa = PBXFileReference; lastKnownFileType = sourcecode.c.objc; path = "UIScrollView+CustomMJRefresh.m"; sourceTree = "<group>"; };
		985F5DED2D2B77380097EFCB /* AppDelegate.h */ = {isa = PBXFileReference; lastKnownFileType = sourcecode.c.h; path = AppDelegate.h; sourceTree = "<group>"; };
		985F5DEE2D2B77380097EFCB /* AppDelegate.m */ = {isa = PBXFileReference; lastKnownFileType = sourcecode.c.objc; path = AppDelegate.m; sourceTree = "<group>"; };
		985F5DEF2D2B77380097EFCB /* Assets.xcassets */ = {isa = PBXFileReference; lastKnownFileType = folder.assetcatalog; path = Assets.xcassets; sourceTree = "<group>"; };
		985F5DF02D2B77380097EFCB /* Info.plist */ = {isa = PBXFileReference; lastKnownFileType = text.plist.xml; path = Info.plist; sourceTree = "<group>"; };
		985F5DF12D2B77380097EFCB /* Base */ = {isa = PBXFileReference; lastKnownFileType = file.storyboard; name = Base; path = Base.lproj/LaunchScreen.storyboard; sourceTree = "<group>"; };
		985F5DF32D2B77380097EFCB /* main.m */ = {isa = PBXFileReference; lastKnownFileType = sourcecode.c.objc; path = main.m; sourceTree = "<group>"; };
		985F5DF42D2B77380097EFCB /* Base */ = {isa = PBXFileReference; lastKnownFileType = file.storyboard; name = Base; path = Base.lproj/Main.storyboard; sourceTree = "<group>"; };
		985F5DF62D2B77380097EFCB /* SceneDelegate.h */ = {isa = PBXFileReference; lastKnownFileType = sourcecode.c.h; path = SceneDelegate.h; sourceTree = "<group>"; };
		985F5DF72D2B77380097EFCB /* SceneDelegate.m */ = {isa = PBXFileReference; lastKnownFileType = sourcecode.c.objc; path = SceneDelegate.m; sourceTree = "<group>"; };
		985F5DF82D2B77380097EFCB /* ViewController.h */ = {isa = PBXFileReference; lastKnownFileType = sourcecode.c.h; path = ViewController.h; sourceTree = "<group>"; };
		985F5DF92D2B77380097EFCB /* ViewController.m */ = {isa = PBXFileReference; lastKnownFileType = sourcecode.c.objc; path = ViewController.m; sourceTree = "<group>"; };
		985F5E0A2D2BBB8A0097EFCB /* PrefixHeader.pch */ = {isa = PBXFileReference; lastKnownFileType = sourcecode.c.h; path = PrefixHeader.pch; sourceTree = "<group>"; };
		985F5E0D2D2BBF9A0097EFCB /* WyCompositionalLayoutController.h */ = {isa = PBXFileReference; lastKnownFileType = sourcecode.c.h; path = WyCompositionalLayoutController.h; sourceTree = "<group>"; };
		985F5E0E2D2BBF9A0097EFCB /* WyCompositionalLayoutController.m */ = {isa = PBXFileReference; lastKnownFileType = sourcecode.c.objc; path = WyCompositionalLayoutController.m; sourceTree = "<group>"; };
		985F5E112D2BCD500097EFCB /* WyBaseNavigationController.h */ = {isa = PBXFileReference; lastKnownFileType = sourcecode.c.h; path = WyBaseNavigationController.h; sourceTree = "<group>"; };
		985F5E122D2BCD500097EFCB /* WyBaseNavigationController.m */ = {isa = PBXFileReference; lastKnownFileType = sourcecode.c.objc; path = WyBaseNavigationController.m; sourceTree = "<group>"; };
		986C736E2DA925550073C3C0 /* WyAccountModel.h */ = {isa = PBXFileReference; lastKnownFileType = sourcecode.c.h; path = WyAccountModel.h; sourceTree = "<group>"; };
		986C736F2DA925550073C3C0 /* WyAccountModel.mm */ = {isa = PBXFileReference; lastKnownFileType = sourcecode.cpp.objcpp; path = WyAccountModel.mm; sourceTree = "<group>"; };
		986C73712DA925960073C3C0 /* WyAccountModel+WCTTableCoding.h */ = {isa = PBXFileReference; lastKnownFileType = sourcecode.c.h; path = "WyAccountModel+WCTTableCoding.h"; sourceTree = "<group>"; };
		987E6D342DD5BE08001F305A /* GCDTestViewController.h */ = {isa = PBXFileReference; lastKnownFileType = sourcecode.c.h; path = GCDTestViewController.h; sourceTree = "<group>"; };
		987E6D352DD5BE08001F305A /* GCDTestViewController.m */ = {isa = PBXFileReference; lastKnownFileType = sourcecode.c.objc; path = GCDTestViewController.m; sourceTree = "<group>"; };
		987E6D382DD5BEBF001F305A /* BezierTestViewController.h */ = {isa = PBXFileReference; lastKnownFileType = sourcecode.c.h; path = BezierTestViewController.h; sourceTree = "<group>"; };
		987E6D392DD5BEBF001F305A /* BezierTestViewController.m */ = {isa = PBXFileReference; lastKnownFileType = sourcecode.c.objc; path = BezierTestViewController.m; sourceTree = "<group>"; };
		987E6D3C2DD5BF0C001F305A /* UILabelTestViewController.h */ = {isa = PBXFileReference; lastKnownFileType = sourcecode.c.h; path = UILabelTestViewController.h; sourceTree = "<group>"; };
		987E6D3D2DD5BF0C001F305A /* UILabelTestViewController.m */ = {isa = PBXFileReference; lastKnownFileType = sourcecode.c.objc; path = UILabelTestViewController.m; sourceTree = "<group>"; };
		988B1BAF2E01ACB70043C324 /* WGradientCurveLineView.h */ = {isa = PBXFileReference; lastKnownFileType = sourcecode.c.h; path = WGradientCurveLineView.h; sourceTree = "<group>"; };
		988B1BB02E01ACB70043C324 /* WGradientCurveLineView.m */ = {isa = PBXFileReference; lastKnownFileType = sourcecode.c.objc; path = WGradientCurveLineView.m; sourceTree = "<group>"; };
		98A506BE2E1939E80068A2E9 /* WaterfallItemModel.h */ = {isa = PBXFileReference; lastKnownFileType = sourcecode.c.h; path = WaterfallItemModel.h; sourceTree = "<group>"; };
		98A506BF2E1939E80068A2E9 /* WaterfallItemModel.m */ = {isa = PBXFileReference; lastKnownFileType = sourcecode.c.objc; path = WaterfallItemModel.m; sourceTree = "<group>"; };
		98A506C12E193A060068A2E9 /* WaterfallCell.h */ = {isa = PBXFileReference; lastKnownFileType = sourcecode.c.h; path = WaterfallCell.h; sourceTree = "<group>"; };
		98A506C22E193A060068A2E9 /* WaterfallCell.m */ = {isa = PBXFileReference; lastKnownFileType = sourcecode.c.objc; path = WaterfallCell.m; sourceTree = "<group>"; };
		98D03FCF2D2E757700472D48 /* WyCollectionReusableView.h */ = {isa = PBXFileReference; lastKnownFileType = sourcecode.c.h; path = WyCollectionReusableView.h; sourceTree = "<group>"; };
		98D03FD02D2E757700472D48 /* WyCollectionReusableView.m */ = {isa = PBXFileReference; lastKnownFileType = sourcecode.c.objc; path = WyCollectionReusableView.m; sourceTree = "<group>"; };
		98D03FD32D2E82F600472D48 /* WyBackgroundReusableView.h */ = {isa = PBXFileReference; lastKnownFileType = sourcecode.c.h; path = WyBackgroundReusableView.h; sourceTree = "<group>"; };
		98D03FD42D2E82F600472D48 /* WyBackgroundReusableView.m */ = {isa = PBXFileReference; lastKnownFileType = sourcecode.c.objc; path = WyBackgroundReusableView.m; sourceTree = "<group>"; };
		98D03FD62D2E8A2700472D48 /* WyCollectionViewCell.h */ = {isa = PBXFileReference; lastKnownFileType = sourcecode.c.h; path = WyCollectionViewCell.h; sourceTree = "<group>"; };
		98D03FD72D2E8A2700472D48 /* WyCollectionViewCell.m */ = {isa = PBXFileReference; lastKnownFileType = sourcecode.c.objc; path = WyCollectionViewCell.m; sourceTree = "<group>"; };
		A755DCC879F44E8FBCDA2F87 /* Pods-WyHelperComponents.release.xcconfig */ = {isa = PBXFileReference; includeInIndex = 1; lastKnownFileType = text.xcconfig; name = "Pods-WyHelperComponents.release.xcconfig"; path = "Target Support Files/Pods-WyHelperComponents/Pods-WyHelperComponents.release.xcconfig"; sourceTree = "<group>"; };
/* End PBXFileReference section */

/* Begin PBXFrameworksBuildPhase section */
		98336AE92D27E5B0002AC3DE /* Frameworks */ = {
			isa = PBXFrameworksBuildPhase;
			buildActionMask = 2147483647;
			files = (
				69299FD9318F7BB922199FF8 /* Pods_WyHelperComponents.framework in Frameworks */,
			);
			runOnlyForDeploymentPostprocessing = 0;
		};
/* End PBXFrameworksBuildPhase section */

/* Begin PBXGroup section */
		98262A442EC5C405004AAF15 /* PagingDemo */ = {
			isa = PBXGroup;
			children = (
				98262A452EC5CA54004AAF15 /* SectionPagingCollectionView.h */,
				98262A462EC5CA54004AAF15 /* SectionPagingCollectionView.m */,
				98262A472EC5CA54004AAF15 /* SectionPagingFlowLayout.h */,
				98262A482EC5CA54004AAF15 /* SectionPagingFlowLayout.m */,
				98262A492EC5CA54004AAF15 /* SectionPagingViewController.h */,
				98262A4A2EC5CA54004AAF15 /* SectionPagingViewController.m */,
			);
			path = PagingDemo;
			sourceTree = "<group>";
		};
		982747142D991B4D00F6D2B6 /* Custom */ = {
			isa = PBXGroup;
			children = (
				985EE8AF2EFD41B600B23083 /* VNovelRefreshFooter.h */,
				985EE8B02EFD41B600B23083 /* VNovelRefreshFooter.m */,
				985EE8B12EFD41B600B23083 /* VNovelRefreshHeader.h */,
				985EE8B22EFD41B600B23083 /* VNovelRefreshHeader.m */,
				982747152D991B6D00F6D2B6 /* StretchableDialogView.h */,
				982747162D991B6D00F6D2B6 /* StretchableDialogView.m */,
				988B1BAF2E01ACB70043C324 /* WGradientCurveLineView.h */,
				988B1BB02E01ACB70043C324 /* WGradientCurveLineView.m */,
			);
			path = Custom;
			sourceTree = "<group>";
		};
		98336AE32D27E5B0002AC3DE = {
			isa = PBXGroup;
			children = (
				985F5DFA2D2B77380097EFCB /* WyHelperComponents */,
				98336AED2D27E5B0002AC3DE /* Products */,
				BA1A340B6A7555E780DD5419 /* Pods */,
				9C89F23B44C497B6995F0A64 /* Frameworks */,
			);
			sourceTree = "<group>";
		};
		98336AED2D27E5B0002AC3DE /* Products */ = {
			isa = PBXGroup;
			children = (
				98336AEC2D27E5B0002AC3DE /* WyHelperComponents.app */,
			);
			name = Products;
			sourceTree = "<group>";
		};
		985EE8B62EFD432900B23083 /* Lottile */ = {
			isa = PBXGroup;
			children = (
				985EE8B72EFD436B00B23083 /* novel_load_dark.json */,
				985EE8B82EFD436B00B23083 /* novel_load_light.json */,
			);
			path = Lottile;
			sourceTree = "<group>";
		};
		985EE8BB2EFD443900B23083 /* Util */ = {
			isa = PBXGroup;
			children = (
				985EE8B52EFD422600B23083 /* CommonDefine.h */,
				985EE8BC2EFD443F00B23083 /* Category */,
			);
			path = Util;
			sourceTree = "<group>";
		};
		985EE8BC2EFD443F00B23083 /* Category */ = {
			isa = PBXGroup;
			children = (
				985EE8BD2EFD446800B23083 /* UIScrollView+CustomMJRefresh.h */,
				985EE8BE2EFD446800B23083 /* UIScrollView+CustomMJRefresh.m */,
			);
			path = Category;
			sourceTree = "<group>";
		};
		985F5DFA2D2B77380097EFCB /* WyHelperComponents */ = {
			isa = PBXGroup;
			children = (
				985EE8BB2EFD443900B23083 /* Util */,
				982747142D991B4D00F6D2B6 /* Custom */,
				985F5E0B2D2BBF130097EFCB /* Classes */,
				985F5E042D2B7DF30097EFCB /* Resource */,
				985F5E032D2B7D830097EFCB /* Origin */,
				985F5E102D2BC0750097EFCB /* BaseRoot */,
			);
			path = WyHelperComponents;
			sourceTree = "<group>";
		};
		985F5E032D2B7D830097EFCB /* Origin */ = {
			isa = PBXGroup;
			children = (
				985F5DED2D2B77380097EFCB /* AppDelegate.h */,
				985F5DEE2D2B77380097EFCB /* AppDelegate.m */,
				985F5DF62D2B77380097EFCB /* SceneDelegate.h */,
				985F5DF72D2B77380097EFCB /* SceneDelegate.m */,
				985F5DF82D2B77380097EFCB /* ViewController.h */,
				985F5DF92D2B77380097EFCB /* ViewController.m */,
				985F5DF02D2B77380097EFCB /* Info.plist */,
				985F5DF22D2B77380097EFCB /* LaunchScreen.storyboard */,
				985F5DF52D2B77380097EFCB /* Main.storyboard */,
				985F5DF32D2B77380097EFCB /* main.m */,
				985F5E0A2D2BBB8A0097EFCB /* PrefixHeader.pch */,
			);
			path = Origin;
			sourceTree = "<group>";
		};
		985F5E042D2B7DF30097EFCB /* Resource */ = {
			isa = PBXGroup;
			children = (
				985EE8B62EFD432900B23083 /* Lottile */,
				985F5DEF2D2B77380097EFCB /* Assets.xcassets */,
			);
			path = Resource;
			sourceTree = "<group>";
		};
		985F5E0B2D2BBF130097EFCB /* Classes */ = {
			isa = PBXGroup;
			children = (
				98262A442EC5C405004AAF15 /* PagingDemo */,
				987E6D3B2DD5BEE7001F305A /* UILabelDemo */,
				987E6D372DD5BE84001F305A /* BezierDemo */,
				987E6D332DD5BDD0001F305A /* GCDTestDemo */,
				986C736C2DA9251D0073C3C0 /* WCDBDemo */,
				985F5E0C2D2BBF1E0097EFCB /* UICollectionViewDemo */,
			);
			path = Classes;
			sourceTree = "<group>";
		};
		985F5E0C2D2BBF1E0097EFCB /* UICollectionViewDemo */ = {
			isa = PBXGroup;
			children = (
				98D03FD62D2E8A2700472D48 /* WyCollectionViewCell.h */,
				98D03FD72D2E8A2700472D48 /* WyCollectionViewCell.m */,
				98D03FCF2D2E757700472D48 /* WyCollectionReusableView.h */,
				98D03FD02D2E757700472D48 /* WyCollectionReusableView.m */,
				98D03FD32D2E82F600472D48 /* WyBackgroundReusableView.h */,
				98D03FD42D2E82F600472D48 /* WyBackgroundReusableView.m */,
				985F5E0D2D2BBF9A0097EFCB /* WyCompositionalLayoutController.h */,
				985F5E0E2D2BBF9A0097EFCB /* WyCompositionalLayoutController.m */,
				98A506BE2E1939E80068A2E9 /* WaterfallItemModel.h */,
				98A506BF2E1939E80068A2E9 /* WaterfallItemModel.m */,
				98A506C12E193A060068A2E9 /* WaterfallCell.h */,
				98A506C22E193A060068A2E9 /* WaterfallCell.m */,
			);
			path = UICollectionViewDemo;
			sourceTree = "<group>";
		};
		985F5E102D2BC0750097EFCB /* BaseRoot */ = {
			isa = PBXGroup;
			children = (
				985F5E112D2BCD500097EFCB /* WyBaseNavigationController.h */,
				985F5E122D2BCD500097EFCB /* WyBaseNavigationController.m */,
			);
			path = BaseRoot;
			sourceTree = "<group>";
		};
		986C736C2DA9251D0073C3C0 /* WCDBDemo */ = {
			isa = PBXGroup;
			children = (
				986C736D2DA925280073C3C0 /* Model */,
			);
			path = WCDBDemo;
			sourceTree = "<group>";
		};
		986C736D2DA925280073C3C0 /* Model */ = {
			isa = PBXGroup;
			children = (
				986C73712DA925960073C3C0 /* WyAccountModel+WCTTableCoding.h */,
				986C736E2DA925550073C3C0 /* WyAccountModel.h */,
				986C736F2DA925550073C3C0 /* WyAccountModel.mm */,
			);
			path = Model;
			sourceTree = "<group>";
		};
		987E6D332DD5BDD0001F305A /* GCDTestDemo */ = {
			isa = PBXGroup;
			children = (
				987E6D342DD5BE08001F305A /* GCDTestViewController.h */,
				987E6D352DD5BE08001F305A /* GCDTestViewController.m */,
			);
			path = GCDTestDemo;
			sourceTree = "<group>";
		};
		987E6D372DD5BE84001F305A /* BezierDemo */ = {
			isa = PBXGroup;
			children = (
				987E6D382DD5BEBF001F305A /* BezierTestViewController.h */,
				987E6D392DD5BEBF001F305A /* BezierTestViewController.m */,
			);
			path = BezierDemo;
			sourceTree = "<group>";
		};
		987E6D3B2DD5BEE7001F305A /* UILabelDemo */ = {
			isa = PBXGroup;
			children = (
				987E6D3C2DD5BF0C001F305A /* UILabelTestViewController.h */,
				987E6D3D2DD5BF0C001F305A /* UILabelTestViewController.m */,
			);
			path = UILabelDemo;
			sourceTree = "<group>";
		};
		9C89F23B44C497B6995F0A64 /* Frameworks */ = {
			isa = PBXGroup;
			children = (
				7F0D2FCB518A12018ED4E892 /* Pods_WyHelperComponents.framework */,
			);
			name = Frameworks;
			sourceTree = "<group>";
		};
		BA1A340B6A7555E780DD5419 /* Pods */ = {
			isa = PBXGroup;
			children = (
				054F7A98FFE2DDD8AFFD941B /* Pods-WyHelperComponents.debug.xcconfig */,
				A755DCC879F44E8FBCDA2F87 /* Pods-WyHelperComponents.release.xcconfig */,
			);
			path = Pods;
			sourceTree = "<group>";
		};
/* End PBXGroup section */

/* Begin PBXNativeTarget section */
		98336AEB2D27E5B0002AC3DE /* WyHelperComponents */ = {
			isa = PBXNativeTarget;
			buildConfigurationList = 98336B042D27E5B1002AC3DE /* Build configuration list for PBXNativeTarget "WyHelperComponents" */;
			buildPhases = (
				58F628DFA3E10CC7EFBAFC3E /* [CP] Check Pods Manifest.lock */,
				98336AE82D27E5B0002AC3DE /* Sources */,
				98336AE92D27E5B0002AC3DE /* Frameworks */,
				98336AEA2D27E5B0002AC3DE /* Resources */,
				3DFCDADA8A0627C7B6BD7508 /* [CP] Embed Pods Frameworks */,
			);
			buildRules = (
			);
			dependencies = (
			);
			name = WyHelperComponents;
			productName = WyHelperComponents;
			productReference = 98336AEC2D27E5B0002AC3DE /* WyHelperComponents.app */;
			productType = "com.apple.product-type.application";
		};
/* End PBXNativeTarget section */

/* Begin PBXProject section */
		98336AE42D27E5B0002AC3DE /* Project object */ = {
			isa = PBXProject;
			attributes = {
				BuildIndependentTargetsInParallel = 1;
				LastUpgradeCheck = 1620;
				TargetAttributes = {
					98336AEB2D27E5B0002AC3DE = {
						CreatedOnToolsVersion = 16.2;
					};
				};
			};
			buildConfigurationList = 98336AE72D27E5B0002AC3DE /* Build configuration list for PBXProject "WyHelperComponents" */;
			compatibilityVersion = "Xcode 14.0";
			developmentRegion = en;
			hasScannedForEncodings = 0;
			knownRegions = (
				en,
				Base,
			);
			mainGroup = 98336AE32D27E5B0002AC3DE;
			productRefGroup = 98336AED2D27E5B0002AC3DE /* Products */;
			projectDirPath = "";
			projectRoot = "";
			targets = (
				98336AEB2D27E5B0002AC3DE /* WyHelperComponents */,
			);
		};
/* End PBXProject section */

/* Begin PBXResourcesBuildPhase section */
		98336AEA2D27E5B0002AC3DE /* Resources */ = {
			isa = PBXResourcesBuildPhase;
			buildActionMask = 2147483647;
			files = (
				985F5DFB2D2B77380097EFCB /* Assets.xcassets in Resources */,
				985F5DFD2D2B77380097EFCB /* LaunchScreen.storyboard in Resources */,
				985F5DFE2D2B77380097EFCB /* Main.storyboard in Resources */,
				985EE8B92EFD436B00B23083 /* novel_load_light.json in Resources */,
				985EE8BA2EFD436B00B23083 /* novel_load_dark.json in Resources */,
			);
			runOnlyForDeploymentPostprocessing = 0;
		};
/* End PBXResourcesBuildPhase section */

/* Begin PBXShellScriptBuildPhase section */
		3DFCDADA8A0627C7B6BD7508 /* [CP] Embed Pods Frameworks */ = {
			isa = PBXShellScriptBuildPhase;
			buildActionMask = 2147483647;
			files = (
			);
			inputFileListPaths = (
				"${PODS_ROOT}/Target Support Files/Pods-WyHelperComponents/Pods-WyHelperComponents-frameworks-${CONFIGURATION}-input-files.xcfilelist",
			);
			inputPaths = (
			);
			name = "[CP] Embed Pods Frameworks";
			outputFileListPaths = (
				"${PODS_ROOT}/Target Support Files/Pods-WyHelperComponents/Pods-WyHelperComponents-frameworks-${CONFIGURATION}-output-files.xcfilelist",
			);
			outputPaths = (
			);
			runOnlyForDeploymentPostprocessing = 0;
			shellPath = /bin/sh;
			shellScript = "\"${PODS_ROOT}/Target Support Files/Pods-WyHelperComponents/Pods-WyHelperComponents-frameworks.sh\"\n";
			showEnvVarsInLog = 0;
		};
		58F628DFA3E10CC7EFBAFC3E /* [CP] Check Pods Manifest.lock */ = {
			isa = PBXShellScriptBuildPhase;
			buildActionMask = 2147483647;
			files = (
			);
			inputFileListPaths = (
			);
			inputPaths = (
				"${PODS_PODFILE_DIR_PATH}/Podfile.lock",
				"${PODS_ROOT}/Manifest.lock",
			);
			name = "[CP] Check Pods Manifest.lock";
			outputFileListPaths = (
			);
			outputPaths = (
				"$(DERIVED_FILE_DIR)/Pods-WyHelperComponents-checkManifestLockResult.txt",
			);
			runOnlyForDeploymentPostprocessing = 0;
			shellPath = /bin/sh;
			shellScript = "diff \"${PODS_PODFILE_DIR_PATH}/Podfile.lock\" \"${PODS_ROOT}/Manifest.lock\" > /dev/null\nif [ $? != 0 ] ; then\n    # print error to STDERR\n    echo \"error: The sandbox is not in sync with the Podfile.lock. Run 'pod install' or update your CocoaPods installation.\" >&2\n    exit 1\nfi\n# This output is used by Xcode 'outputs' to avoid re-running this script phase.\necho \"SUCCESS\" > \"${SCRIPT_OUTPUT_FILE_0}\"\n";
			showEnvVarsInLog = 0;
		};
/* End PBXShellScriptBuildPhase section */

/* Begin PBXSourcesBuildPhase section */
		98336AE82D27E5B0002AC3DE /* Sources */ = {
			isa = PBXSourcesBuildPhase;
			buildActionMask = 2147483647;
			files = (
				988B1BB12E01ACB70043C324 /* WGradientCurveLineView.m in Sources */,
				985EE8B32EFD41B600B23083 /* VNovelRefreshFooter.m in Sources */,
				985EE8B42EFD41B600B23083 /* VNovelRefreshHeader.m in Sources */,
				98A506C02E1939E80068A2E9 /* WaterfallItemModel.m in Sources */,
				982747172D991B6D00F6D2B6 /* StretchableDialogView.m in Sources */,
				987E6D3A2DD5BEBF001F305A /* BezierTestViewController.m in Sources */,
				985EE8BF2EFD446800B23083 /* UIScrollView+CustomMJRefresh.m in Sources */,
				986C73702DA925550073C3C0 /* WyAccountModel.mm in Sources */,
				98A506C32E193A060068A2E9 /* WaterfallCell.m in Sources */,
				985F5DFF2D2B77380097EFCB /* AppDelegate.m in Sources */,
				985F5E002D2B77380097EFCB /* main.m in Sources */,
				985F5E012D2B77380097EFCB /* SceneDelegate.m in Sources */,
				98D03FD52D2E82F600472D48 /* WyBackgroundReusableView.m in Sources */,
				987E6D3E2DD5BF0C001F305A /* UILabelTestViewController.m in Sources */,
				98262A4B2EC5CA54004AAF15 /* SectionPagingFlowLayout.m in Sources */,
				98262A4C2EC5CA54004AAF15 /* SectionPagingViewController.m in Sources */,
				98262A4D2EC5CA54004AAF15 /* SectionPagingCollectionView.m in Sources */,
				98D03FD82D2E8A2700472D48 /* WyCollectionViewCell.m in Sources */,
				987E6D362DD5BE08001F305A /* GCDTestViewController.m in Sources */,
				98D03FD12D2E757700472D48 /* WyCollectionReusableView.m in Sources */,
				985F5E0F2D2BBF9A0097EFCB /* WyCompositionalLayoutController.m in Sources */,
				985F5E132D2BCD500097EFCB /* WyBaseNavigationController.m in Sources */,
				985F5E022D2B77380097EFCB /* ViewController.m in Sources */,
			);
			runOnlyForDeploymentPostprocessing = 0;
		};
/* End PBXSourcesBuildPhase section */

/* Begin PBXVariantGroup section */
		985F5DF22D2B77380097EFCB /* LaunchScreen.storyboard */ = {
			isa = PBXVariantGroup;
			children = (
				985F5DF12D2B77380097EFCB /* Base */,
			);
			name = LaunchScreen.storyboard;
			sourceTree = "<group>";
		};
		985F5DF52D2B77380097EFCB /* Main.storyboard */ = {
			isa = PBXVariantGroup;
			children = (
				985F5DF42D2B77380097EFCB /* Base */,
			);
			name = Main.storyboard;
			sourceTree = "<group>";
		};
/* End PBXVariantGroup section */

/* Begin XCBuildConfiguration section */
		98336B052D27E5B1002AC3DE /* Debug */ = {
			isa = XCBuildConfiguration;
			baseConfigurationReference = 054F7A98FFE2DDD8AFFD941B /* Pods-WyHelperComponents.debug.xcconfig */;
			buildSettings = {
				ASSETCATALOG_COMPILER_APPICON_NAME = AppIcon;
				ASSETCATALOG_COMPILER_GLOBAL_ACCENT_COLOR_NAME = AccentColor;
				CODE_SIGN_STYLE = Automatic;
				CURRENT_PROJECT_VERSION = 1;
				DEVELOPMENT_TEAM = XTSEUQVUE4;
				ENABLE_USER_SCRIPT_SANDBOXING = NO;
				GCC_PREFIX_HEADER = WyHelperComponents/Origin/PrefixHeader.pch;
				GENERATE_INFOPLIST_FILE = YES;
				INFOPLIST_FILE = WyHelperComponents/Origin/Info.plist;
				INFOPLIST_KEY_UIApplicationSupportsIndirectInputEvents = YES;
				INFOPLIST_KEY_UILaunchStoryboardName = LaunchScreen;
				INFOPLIST_KEY_UIMainStoryboardFile = Main;
				INFOPLIST_KEY_UISupportedInterfaceOrientations = UIInterfaceOrientationPortrait;
				IPHONEOS_DEPLOYMENT_TARGET = 15.6;
				LD_RUNPATH_SEARCH_PATHS = (
					"$(inherited)",
					"@executable_path/Frameworks",
				);
				MARKETING_VERSION = 1.0;
				PRODUCT_BUNDLE_IDENTIFIER = com.weiys.WyHelperComponents;
				PRODUCT_NAME = "$(TARGET_NAME)";
				SWIFT_EMIT_LOC_STRINGS = YES;
				TARGETED_DEVICE_FAMILY = "1,2";
			};
			name = Debug;
		};
		98336B062D27E5B1002AC3DE /* Release */ = {
			isa = XCBuildConfiguration;
			baseConfigurationReference = A755DCC879F44E8FBCDA2F87 /* Pods-WyHelperComponents.release.xcconfig */;
			buildSettings = {
				ASSETCATALOG_COMPILER_APPICON_NAME = AppIcon;
				ASSETCATALOG_COMPILER_GLOBAL_ACCENT_COLOR_NAME = AccentColor;
				CODE_SIGN_STYLE = Automatic;
				CURRENT_PROJECT_VERSION = 1;
				DEVELOPMENT_TEAM = XTSEUQVUE4;
				ENABLE_USER_SCRIPT_SANDBOXING = NO;
				GCC_PREFIX_HEADER = WyHelperComponents/Origin/PrefixHeader.pch;
				GENERATE_INFOPLIST_FILE = YES;
				INFOPLIST_FILE = WyHelperComponents/Origin/Info.plist;
				INFOPLIST_KEY_UIApplicationSupportsIndirectInputEvents = YES;
				INFOPLIST_KEY_UILaunchStoryboardName = LaunchScreen;
				INFOPLIST_KEY_UIMainStoryboardFile = Main;
				INFOPLIST_KEY_UISupportedInterfaceOrientations = UIInterfaceOrientationPortrait;
				IPHONEOS_DEPLOYMENT_TARGET = 15.6;
				LD_RUNPATH_SEARCH_PATHS = (
					"$(inherited)",
					"@executable_path/Frameworks",
				);
				MARKETING_VERSION = 1.0;
				PRODUCT_BUNDLE_IDENTIFIER = com.weiys.WyHelperComponents;
				PRODUCT_NAME = "$(TARGET_NAME)";
				SWIFT_EMIT_LOC_STRINGS = YES;
				TARGETED_DEVICE_FAMILY = "1,2";
			};
			name = Release;
		};
		98336B072D27E5B1002AC3DE /* Debug */ = {
			isa = XCBuildConfiguration;
			buildSettings = {
				ALWAYS_SEARCH_USER_PATHS = NO;
				ASSETCATALOG_COMPILER_GENERATE_SWIFT_ASSET_SYMBOL_EXTENSIONS = YES;
				CLANG_ANALYZER_NONNULL = YES;
				CLANG_ANALYZER_NUMBER_OBJECT_CONVERSION = YES_AGGRESSIVE;
				CLANG_CXX_LANGUAGE_STANDARD = "gnu++20";
				CLANG_ENABLE_MODULES = YES;
				CLANG_ENABLE_OBJC_ARC = YES;
				CLANG_ENABLE_OBJC_WEAK = YES;
				CLANG_WARN_BLOCK_CAPTURE_AUTORELEASING = YES;
				CLANG_WARN_BOOL_CONVERSION = YES;
				CLANG_WARN_COMMA = YES;
				CLANG_WARN_CONSTANT_CONVERSION = YES;
				CLANG_WARN_DEPRECATED_OBJC_IMPLEMENTATIONS = YES;
				CLANG_WARN_DIRECT_OBJC_ISA_USAGE = YES_ERROR;
				CLANG_WARN_DOCUMENTATION_COMMENTS = YES;
				CLANG_WARN_EMPTY_BODY = YES;
				CLANG_WARN_ENUM_CONVERSION = YES;
				CLANG_WARN_INFINITE_RECURSION = YES;
				CLANG_WARN_INT_CONVERSION = YES;
				CLANG_WARN_NON_LITERAL_NULL_CONVERSION = YES;
				CLANG_WARN_OBJC_IMPLICIT_RETAIN_SELF = YES;
				CLANG_WARN_OBJC_LITERAL_CONVERSION = YES;
				CLANG_WARN_OBJC_ROOT_CLASS = YES_ERROR;
				CLANG_WARN_QUOTED_INCLUDE_IN_FRAMEWORK_HEADER = YES;
				CLANG_WARN_RANGE_LOOP_ANALYSIS = YES;
				CLANG_WARN_STRICT_PROTOTYPES = YES;
				CLANG_WARN_SUSPICIOUS_MOVE = YES;
				CLANG_WARN_UNGUARDED_AVAILABILITY = YES_AGGRESSIVE;
				CLANG_WARN_UNREACHABLE_CODE = YES;
				CLANG_WARN__DUPLICATE_METHOD_MATCH = YES;
				COPY_PHASE_STRIP = NO;
				DEBUG_INFORMATION_FORMAT = dwarf;
				ENABLE_STRICT_OBJC_MSGSEND = YES;
				ENABLE_TESTABILITY = YES;
				ENABLE_USER_SCRIPT_SANDBOXING = YES;
				GCC_C_LANGUAGE_STANDARD = gnu17;
				GCC_DYNAMIC_NO_PIC = NO;
				GCC_NO_COMMON_BLOCKS = YES;
				GCC_OPTIMIZATION_LEVEL = 0;
				GCC_PREPROCESSOR_DEFINITIONS = (
					"DEBUG=1",
					"$(inherited)",
				);
				GCC_WARN_64_TO_32_BIT_CONVERSION = YES;
				GCC_WARN_ABOUT_RETURN_TYPE = YES_ERROR;
				GCC_WARN_UNDECLARED_SELECTOR = YES;
				GCC_WARN_UNINITIALIZED_AUTOS = YES_AGGRESSIVE;
				GCC_WARN_UNUSED_FUNCTION = YES;
				GCC_WARN_UNUSED_VARIABLE = YES;
				IPHONEOS_DEPLOYMENT_TARGET = 18.2;
				LOCALIZATION_PREFERS_STRING_CATALOGS = YES;
				MTL_ENABLE_DEBUG_INFO = INCLUDE_SOURCE;
				MTL_FAST_MATH = YES;
				ONLY_ACTIVE_ARCH = YES;
				SDKROOT = iphoneos;
			};
			name = Debug;
		};
		98336B082D27E5B1002AC3DE /* Release */ = {
			isa = XCBuildConfiguration;
			buildSettings = {
				ALWAYS_SEARCH_USER_PATHS = NO;
				ASSETCATALOG_COMPILER_GENERATE_SWIFT_ASSET_SYMBOL_EXTENSIONS = YES;
				CLANG_ANALYZER_NONNULL = YES;
				CLANG_ANALYZER_NUMBER_OBJECT_CONVERSION = YES_AGGRESSIVE;
				CLANG_CXX_LANGUAGE_STANDARD = "gnu++20";
				CLANG_ENABLE_MODULES = YES;
				CLANG_ENABLE_OBJC_ARC = YES;
				CLANG_ENABLE_OBJC_WEAK = YES;
				CLANG_WARN_BLOCK_CAPTURE_AUTORELEASING = YES;
				CLANG_WARN_BOOL_CONVERSION = YES;
				CLANG_WARN_COMMA = YES;
				CLANG_WARN_CONSTANT_CONVERSION = YES;
				CLANG_WARN_DEPRECATED_OBJC_IMPLEMENTATIONS = YES;
				CLANG_WARN_DIRECT_OBJC_ISA_USAGE = YES_ERROR;
				CLANG_WARN_DOCUMENTATION_COMMENTS = YES;
				CLANG_WARN_EMPTY_BODY = YES;
				CLANG_WARN_ENUM_CONVERSION = YES;
				CLANG_WARN_INFINITE_RECURSION = YES;
				CLANG_WARN_INT_CONVERSION = YES;
				CLANG_WARN_NON_LITERAL_NULL_CONVERSION = YES;
				CLANG_WARN_OBJC_IMPLICIT_RETAIN_SELF = YES;
				CLANG_WARN_OBJC_LITERAL_CONVERSION = YES;
				CLANG_WARN_OBJC_ROOT_CLASS = YES_ERROR;
				CLANG_WARN_QUOTED_INCLUDE_IN_FRAMEWORK_HEADER = YES;
				CLANG_WARN_RANGE_LOOP_ANALYSIS = YES;
				CLANG_WARN_STRICT_PROTOTYPES = YES;
				CLANG_WARN_SUSPICIOUS_MOVE = YES;
				CLANG_WARN_UNGUARDED_AVAILABILITY = YES_AGGRESSIVE;
				CLANG_WARN_UNREACHABLE_CODE = YES;
				CLANG_WARN__DUPLICATE_METHOD_MATCH = YES;
				COPY_PHASE_STRIP = NO;
				DEBUG_INFORMATION_FORMAT = "dwarf-with-dsym";
				ENABLE_NS_ASSERTIONS = NO;
				ENABLE_STRICT_OBJC_MSGSEND = YES;
				ENABLE_USER_SCRIPT_SANDBOXING = YES;
				GCC_C_LANGUAGE_STANDARD = gnu17;
				GCC_NO_COMMON_BLOCKS = YES;
				GCC_WARN_64_TO_32_BIT_CONVERSION = YES;
				GCC_WARN_ABOUT_RETURN_TYPE = YES_ERROR;
				GCC_WARN_UNDECLARED_SELECTOR = YES;
				GCC_WARN_UNINITIALIZED_AUTOS = YES_AGGRESSIVE;
				GCC_WARN_UNUSED_FUNCTION = YES;
				GCC_WARN_UNUSED_VARIABLE = YES;
				IPHONEOS_DEPLOYMENT_TARGET = 18.2;
				LOCALIZATION_PREFERS_STRING_CATALOGS = YES;
				MTL_ENABLE_DEBUG_INFO = NO;
				MTL_FAST_MATH = YES;
				SDKROOT = iphoneos;
				VALIDATE_PRODUCT = YES;
			};
			name = Release;
		};
/* End XCBuildConfiguration section */

/* Begin XCConfigurationList section */
		98336AE72D27E5B0002AC3DE /* Build configuration list for PBXProject "WyHelperComponents" */ = {
			isa = XCConfigurationList;
			buildConfigurations = (
				98336B072D27E5B1002AC3DE /* Debug */,
				98336B082D27E5B1002AC3DE /* Release */,
			);
			defaultConfigurationIsVisible = 0;
			defaultConfigurationName = Release;
		};
		98336B042D27E5B1002AC3DE /* Build configuration list for PBXNativeTarget "WyHelperComponents" */ = {
			isa = XCConfigurationList;
			buildConfigurations = (
				98336B052D27E5B1002AC3DE /* Debug */,
				98336B062D27E5B1002AC3DE /* Release */,
			);
			defaultConfigurationIsVisible = 0;
			defaultConfigurationName = Release;
		};
/* End XCConfigurationList section */
	};
	rootObject = 98336AE42D27E5B0002AC3DE /* Project object */;
}
